
Microsoft Visual Studio Solution File, Format Version 12.00
# Visual Studio 15
VisualStudioVersion = 15.0.26730.3
MinimumVisualStudioVersion = 10.0.40219.1
Project("{FAE04EC0-301F-11D3-BF4B-00C04F79EFBC}") = "Doudizhu", "Doudizhu\Doudizhu.csproj", "{4CC5C8A3-0744-4A47-97CE-2ACC3C0AA963}"
EndProject
Global
	GlobalSection(SolutionConfigurationPlatforms) = preSolution
		Debug|Any CPU = Debug|Any CPU
		Release|Any CPU = Release|Any CPU
	EndGlobalSection
	GlobalSection(ProjectConfigurationPlatforms) = postSolution
		{4CC5C8A3-0744-4A47-97CE-2ACC3C0AA963}.Debug|Any CPU.ActiveCfg = Debug|Any CPU
		{4CC5C8A3-0744-4A47-97CE-2ACC3C0AA963}.Debug|Any CPU.Build.0 = Debug|Any CPU
		{4CC5C8A3-0744-4A47-97CE-2ACC3C0AA963}.Release|Any CPU.ActiveCfg = Release|Any CPU
		{4CC5C8A3-0744-4A47-97CE-2ACC3C0AA963}.Release|Any CPU.Build.0 = Release|Any CPU
	EndGlobalSection
	GlobalSection(SolutionProperties) = preSolution
		HideSolutionNode = FALSE
	EndGlobalSection
	GlobalSection(ExtensibilityGlobals) = postSolution
		SolutionGuid = {A2CD99CD-678B-439A-9946-8766B8A8DBA6}
	EndGlobalSection
EndGlobal
